
Microsoft Visual Studio Solution File, Format Version 12.00
# Visual Studio Version 16
VisualStudioVersion = 16.0.30114.105
MinimumVisualStudioVersion = 10.0.40219.1
Project("{9A19103F-16F7-4668-BE54-9A1E7A4F7556}") = "OdishaAPP.API", "OdishaAPP.API.csproj", "{C438B9C1-0A5D-4F1A-93D5-BDB3751F3502}"
EndProject
Project("{9A19103F-16F7-4668-BE54-9A1E7A4F7556}") = "Core", "..\Core\Core.csproj", "{308BEAE2-32A6-4416-A1C3-C5909A7B64C7}"
EndProject
Project("{FAE04EC0-301F-11D3-BF4B-00C04F79EFBC}") = "Infra", "..\Infra\Infra.csproj", "{7356C75D-902B-470F-B6B9-59299D6179E0}"
EndProject
Global
	GlobalSection(SolutionConfigurationPlatforms) = preSolution
		Debug|Any CPU = Debug|Any CPU
		Release|Any CPU = Release|Any CPU
	EndGlobalSection
	GlobalSection(ProjectConfigurationPlatforms) = postSolution
		{C438B9C1-0A5D-4F1A-93D5-BDB3751F3502}.Debug|Any CPU.ActiveCfg = Debug|Any CPU
		{C438B9C1-0A5D-4F1A-93D5-BDB3751F3502}.Debug|Any CPU.Build.0 = Debug|Any CPU
		{C438B9C1-0A5D-4F1A-93D5-BDB3751F3502}.Release|Any CPU.ActiveCfg = Release|Any CPU
		{C438B9C1-0A5D-4F1A-93D5-BDB3751F3502}.Release|Any CPU.Build.0 = Release|Any CPU
		{308BEAE2-32A6-4416-A1C3-C5909A7B64C7}.Debug|Any CPU.ActiveCfg = Debug|Any CPU
		{308BEAE2-32A6-4416-A1C3-C5909A7B64C7}.Debug|Any CPU.Build.0 = Debug|Any CPU
		{308BEAE2-32A6-4416-A1C3-C5909A7B64C7}.Release|Any CPU.ActiveCfg = Release|Any CPU
		{308BEAE2-32A6-4416-A1C3-C5909A7B64C7}.Release|Any CPU.Build.0 = Release|Any CPU
		{7356C75D-902B-470F-B6B9-59299D6179E0}.Debug|Any CPU.ActiveCfg = Debug|Any CPU
		{7356C75D-902B-470F-B6B9-59299D6179E0}.Debug|Any CPU.Build.0 = Debug|Any CPU
		{7356C75D-902B-470F-B6B9-59299D6179E0}.Release|Any CPU.ActiveCfg = Release|Any CPU
		{7356C75D-902B-470F-B6B9-59299D6179E0}.Release|Any CPU.Build.0 = Release|Any CPU
	EndGlobalSection
	GlobalSection(SolutionProperties) = preSolution
		HideSolutionNode = FALSE
	EndGlobalSection
	GlobalSection(ExtensibilityGlobals) = postSolution
		SolutionGuid = {E5348846-0A5B-4CE4-A7B4-6950B5191B51}
	EndGlobalSection
EndGlobal
